// !$*UTF8*$!
{
	archiveVersion = 1;
	classes = {
	};
	objectVersion = 77;
	objects = {

/* Begin PBXContainerItemProxy section */
		25F0EFC12CDEAB8600E1DDAE /* PBXContainerItemProxy */ = {
			isa = PBXContainerItemProxy;
			containerPortal = 25F0EFA82CDEAB8400E1DDAE /* Project object */;
			proxyType = 1;
			remoteGlobalIDString = 25F0EFAF2CDEAB8400E1DDAE;
			remoteInfo = FreshTables;
		};
		25F0EFCB2CDEAB8600E1DDAE /* PBXContainerItemProxy */ = {
			isa = PBXContainerItemProxy;
			containerPortal = 25F0EFA82CDEAB8400E1DDAE /* Project object */;
			proxyType = 1;
			remoteGlobalIDString = 25F0EFAF2CDEAB8400E1DDAE;
			remoteInfo = FreshTables;
		};
/* End PBXContainerItemProxy section */

/* Begin PBXFileReference section */
		25F0EFB02CDEAB8400E1DDAE /* FreshTables.app */ = {isa = PBXFileReference; explicitFileType = wrapper.application; includeInIndex = 0; path = FreshTables.app; sourceTree = BUILT_PRODUCTS_DIR; };
		25F0EFC02CDEAB8600E1DDAE /* FreshTablesTests.xctest */ = {isa = PBXFileReference; explicitFileType = wrapper.cfbundle; includeInIndex = 0; path = FreshTablesTests.xctest; sourceTree = BUILT_PRODUCTS_DIR; };
		25F0EFCA2CDEAB8600E1DDAE /* FreshTablesUITests.xctest */ = {isa = PBXFileReference; explicitFileType = wrapper.cfbundle; includeInIndex = 0; path = FreshTablesUITests.xctest; sourceTree = BUILT_PRODUCTS_DIR; };
/* End PBXFileReference section */

/* Begin PBXFileSystemSynchronizedRootGroup section */
		25F0EFB22CDEAB8400E1DDAE /* FreshTables */ = {
			isa = PBXFileSystemSynchronizedRootGroup;
			path = FreshTables;
			sourceTree = "<group>";
		};
		25F0EFC32CDEAB8600E1DDAE /* FreshTablesTests */ = {
			isa = PBXFileSystemSynchronizedRootGroup;
			path = FreshTablesTests;
			sourceTree = "<group>";
		};
		25F0EFCD2CDEAB8600E1DDAE /* FreshTablesUITests */ = {
			isa = PBXFileSystemSynchronizedRootGroup;
			path = FreshTablesUITests;
			sourceTree = "<group>";
		};
/* End PBXFileSystemSynchronizedRootGroup section */

/* Begin PBXFrameworksBuildPhase section */
		25F0EFAD2CDEAB8400E1DDAE /* Frameworks */ = {
			isa = PBXFrameworksBuildPhase;
			buildActionMask = 2147483647;
			files = (
			);
			runOnlyForDeploymentPostprocessing = 0;
		};
		25F0EFBD2CDEAB8600E1DDAE /* Frameworks */ = {
			isa = PBXFrameworksBuildPhase;
			buildActionMask = 2147483647;
			files = (
			);
			runOnlyForDeploymentPostprocessing = 0;
		};
		25F0EFC72CDEAB8600E1DDAE /* Frameworks */ = {
			isa = PBXFrameworksBuildPhase;
			buildActionMask = 2147483647;
			files = (
			);
			runOnlyForDeploymentPostprocessing = 0;
		};
/* End PBXFrameworksBuildPhase section */

/* Begin PBXGroup section */
		25F0EFA72CDEAB8400E1DDAE = {
			isa = PBXGroup;
			children = (
				25F0EFB22CDEAB8400E1DDAE /* FreshTables */,
				25F0EFC32CDEAB8600E1DDAE /* FreshTablesTests */,
				25F0EFCD2CDEAB8600E1DDAE /* FreshTablesUITests */,
				25F0EFB12CDEAB8400E1DDAE /* Products */,
			);
			sourceTree = "<group>";
		};
		25F0EFB12CDEAB8400E1DDAE /* Products */ = {
			isa = PBXGroup;
			children = (
				25F0EFB02CDEAB8400E1DDAE /* FreshTables.app */,
				25F0EFC02CDEAB8600E1DDAE /* FreshTablesTests.xctest */,
				25F0EFCA2CDEAB8600E1DDAE /* FreshTablesUITests.xctest */,
			);
			name = Products;
			sourceTree = "<group>";
		};
/* End PBXGroup section */

/* Begin PBXNativeTarget section */
		25F0EFAF2CDEAB8400E1DDAE /* FreshTables */ = {
			isa = PBXNativeTarget;
			buildConfigurationList = 25F0EFD42CDEAB8600E1DDAE /* Build configuration list for PBXNativeTarget "FreshTables" */;
			buildPhases = (
				25F0EFAC2CDEAB8400E1DDAE /* Sources */,
				25F0EFAD2CDEAB8400E1DDAE /* Frameworks */,
				25F0EFAE2CDEAB8400E1DDAE /* Resources */,
			);
			buildRules = (
			);
			dependencies = (
			);
			fileSystemSynchronizedGroups = (
				25F0EFB22CDEAB8400E1DDAE /* FreshTables */,
			);
			name = FreshTables;
			packageProductDependencies = (
			);
			productName = FreshTables;
			productReference = 25F0EFB02CDEAB8400E1DDAE /* FreshTables.app */;
			productType = "com.apple.product-type.application";
		};
		25F0EFBF2CDEAB8600E1DDAE /* FreshTablesTests */ = {
			isa = PBXNativeTarget;
			buildConfigurationList = 25F0EFD72CDEAB8600E1DDAE /* Build configuration list for PBXNativeTarget "FreshTablesTests" */;
			buildPhases = (
				25F0EFBC2CDEAB8600E1DDAE /* Sources */,
				25F0EFBD2CDEAB8600E1DDAE /* Frameworks */,
				25F0EFBE2CDEAB8600E1DDAE /* Resources */,
			);
			buildRules = (
			);
			dependencies = (
				25F0EFC22CDEAB8600E1DDAE /* PBXTargetDependency */,
			);
			fileSystemSynchronizedGroups = (
				25F0EFC32CDEAB8600E1DDAE /* FreshTablesTests */,
			);
			name = FreshTablesTests;
			packageProductDependencies = (
			);
			productName = FreshTablesTests;
			productReference = 25F0EFC02CDEAB8600E1DDAE /* FreshTablesTests.xctest */;
			productType = "com.apple.product-type.bundle.unit-test";
		};
		25F0EFC92CDEAB8600E1DDAE /* FreshTablesUITests */ = {
			isa = PBXNativeTarget;
			buildConfigurationList = 25F0EFDA2CDEAB8600E1DDAE /* Build configuration list for PBXNativeTarget "FreshTablesUITests" */;
			buildPhases = (
				25F0EFC62CDEAB8600E1DDAE /* Sources */,
				25F0EFC72CDEAB8600E1DDAE /* Frameworks */,
				25F0EFC82CDEAB8600E1DDAE /* Resources */,
			);
			buildRules = (
			);
			dependencies = (
				25F0EFCC2CDEAB8600E1DDAE /* PBXTargetDependency */,
			);
			fileSystemSynchronizedGroups = (
				25F0EFCD2CDEAB8600E1DDAE /* FreshTablesUITests */,
			);
			name = FreshTablesUITests;
			packageProductDependencies = (
			);
			productName = FreshTablesUITests;
			productReference = 25F0EFCA2CDEAB8600E1DDAE /* FreshTablesUITests.xctest */;
			productType = "com.apple.product-type.bundle.ui-testing";
		};
/* End PBXNativeTarget section */

/* Begin PBXProject section */
		25F0EFA82CDEAB8400E1DDAE /* Project object */ = {
			isa = PBXProject;
			attributes = {
				BuildIndependentTargetsInParallel = 1;
				LastSwiftUpdateCheck = 1610;
				LastUpgradeCheck = 1610;
				TargetAttributes = {
					25F0EFAF2CDEAB8400E1DDAE = {
						CreatedOnToolsVersion = 16.1;
					};
					25F0EFBF2CDEAB8600E1DDAE = {
						CreatedOnToolsVersion = 16.1;
						TestTargetID = 25F0EFAF2CDEAB8400E1DDAE;
					};
					25F0EFC92CDEAB8600E1DDAE = {
						CreatedOnToolsVersion = 16.1;
						TestTargetID = 25F0EFAF2CDEAB8400E1DDAE;
					};
				};
			};
			buildConfigurationList = 25F0EFAB2CDEAB8400E1DDAE /* Build configuration list for PBXProject "FreshTables" */;
			developmentRegion = en;
			hasScannedForEncodings = 0;
			knownRegions = (
				en,
				Base,
			);
			mainGroup = 25F0EFA72CDEAB8400E1DDAE;
			minimizedProjectReferenceProxies = 1;
			preferredProjectObjectVersion = 77;
			productRefGroup = 25F0EFB12CDEAB8400E1DDAE /* Products */;
			projectDirPath = "";
			projectRoot = "";
			targets = (
				25F0EFAF2CDEAB8400E1DDAE /* FreshTables */,
				25F0EFBF2CDEAB8600E1DDAE /* FreshTablesTests */,
				25F0EFC92CDEAB8600E1DDAE /* FreshTablesUITests */,
			);
		};
/* End PBXProject section */

/* Begin PBXResourcesBuildPhase section */
		25F0EFAE2CDEAB8400E1DDAE /* Resources */ = {
			isa = PBXResourcesBuildPhase;
			buildActionMask = 2147483647;
			files = (
			);
			runOnlyForDeploymentPostprocessing = 0;
		};
		25F0EFBE2CDEAB8600E1DDAE /* Resources */ = {
			isa = PBXResourcesBuildPhase;
			buildActionMask = 2147483647;
			files = (
			);
			runOnlyForDeploymentPostprocessing = 0;
		};
		25F0EFC82CDEAB8600E1DDAE /* Resources */ = {
			isa = PBXResourcesBuildPhase;
			buildActionMask = 2147483647;
			files = (
			);
			runOnlyForDeploymentPostprocessing = 0;
		};
/* End PBXResourcesBuildPhase section */

/* Begin PBXSourcesBuildPhase section */
		25F0EFAC2CDEAB8400E1DDAE /* Sources */ = {
			isa = PBXSourcesBuildPhase;
			buildActionMask = 2147483647;
			files = (
			);
			runOnlyForDeploymentPostprocessing = 0;
		};
		25F0EFBC2CDEAB8600E1DDAE /* Sources */ = {
			isa = PBXSourcesBuildPhase;
			buildActionMask = 2147483647;
			files = (
			);
			runOnlyForDeploymentPostprocessing = 0;
		};
		25F0EFC62CDEAB8600E1DDAE /* Sources */ = {
			isa = PBXSourcesBuildPhase;
			buildActionMask = 2147483647;
			files = (
			);
			runOnlyForDeploymentPostprocessing = 0;
		};
/* End PBXSourcesBuildPhase section */

/* Begin PBXTargetDependency section */
		25F0EFC22CDEAB8600E1DDAE /* PBXTargetDependency */ = {
			isa = PBXTargetDependency;
			target = 25F0EFAF2CDEAB8400E1DDAE /* FreshTables */;
			targetProxy = 25F0EFC12CDEAB8600E1DDAE /* PBXContainerItemProxy */;
		};
		25F0EFCC2CDEAB8600E1DDAE /* PBXTargetDependency */ = {
			isa = PBXTargetDependency;
			target = 25F0EFAF2CDEAB8400E1DDAE /* FreshTables */;
			targetProxy = 25F0EFCB2CDEAB8600E1DDAE /* PBXContainerItemProxy */;
		};
/* End PBXTargetDependency section */

/* Begin XCBuildConfiguration section */
		25F0EFD22CDEAB8600E1DDAE /* Debug */ = {
			isa = XCBuildConfiguration;
			buildSettings = {
				ALWAYS_SEARCH_USER_PATHS = NO;
				ASSETCATALOG_COMPILER_GENERATE_SWIFT_ASSET_SYMBOL_EXTENSIONS = YES;
				CLANG_ANALYZER_NONNULL = YES;
				CLANG_ANALYZER_NUMBER_OBJECT_CONVERSION = YES_AGGRESSIVE;
				CLANG_CXX_LANGUAGE_STANDARD = "gnu++20";
				CLANG_ENABLE_MODULES = YES;
				CLANG_ENABLE_OBJC_ARC = YES;
				CLANG_ENABLE_OBJC_WEAK = YES;
				CLANG_WARN_BLOCK_CAPTURE_AUTORELEASING = YES;
				CLANG_WARN_BOOL_CONVERSION = YES;
				CLANG_WARN_COMMA = YES;
				CLANG_WARN_CONSTANT_CONVERSION = YES;
				CLANG_WARN_DEPRECATED_OBJC_IMPLEMENTATIONS = YES;
				CLANG_WARN_DIRECT_OBJC_ISA_USAGE = YES_ERROR;
				CLANG_WARN_DOCUMENTATION_COMMENTS = YES;
				CLANG_WARN_EMPTY_BODY = YES;
				CLANG_WARN_ENUM_CONVERSION = YES;
				CLANG_WARN_INFINITE_RECURSION = YES;
				CLANG_WARN_INT_CONVERSION = YES;
				CLANG_WARN_NON_LITERAL_NULL_CONVERSION = YES;
				CLANG_WARN_OBJC_IMPLICIT_RETAIN_SELF = YES;
				CLANG_WARN_OBJC_LITERAL_CONVERSION = YES;
				CLANG_WARN_OBJC_ROOT_CLASS = YES_ERROR;
				CLANG_WARN_QUOTED_INCLUDE_IN_FRAMEWORK_HEADER = YES;
				CLANG_WARN_RANGE_LOOP_ANALYSIS = YES;
				CLANG_WARN_STRICT_PROTOTYPES = YES;
				CLANG_WARN_SUSPICIOUS_MOVE = YES;
				CLANG_WARN_UNGUARDED_AVAILABILITY = YES_AGGRESSIVE;
				CLANG_WARN_UNREACHABLE_CODE = YES;
				CLANG_WARN__DUPLICATE_METHOD_MATCH = YES;
				COPY_PHASE_STRIP = NO;
				DEBUG_INFORMATION_FORMAT = dwarf;
				ENABLE_STRICT_OBJC_MSGSEND = YES;
				ENABLE_TESTABILITY = YES;
				ENABLE_USER_SCRIPT_SANDBOXING = YES;
				GCC_C_LANGUAGE_STANDARD = gnu17;
				GCC_DYNAMIC_NO_PIC = NO;
				GCC_NO_COMMON_BLOCKS = YES;
				GCC_OPTIMIZATION_LEVEL = 0;
				GCC_PREPROCESSOR_DEFINITIONS = (
					"DEBUG=1",
					"$(inherited)",
				);
				GCC_WARN_64_TO_32_BIT_CONVERSION = YES;
				GCC_WARN_ABOUT_RETURN_TYPE = YES_ERROR;
				GCC_WARN_UNDECLARED_SELECTOR = YES;
				GCC_WARN_UNINITIALIZED_AUTOS = YES_AGGRESSIVE;
				GCC_WARN_UNUSED_FUNCTION = YES;
				GCC_WARN_UNUSED_VARIABLE = YES;
				IPHONEOS_DEPLOYMENT_TARGET = 18.1;
				LOCALIZATION_PREFERS_STRING_CATALOGS = YES;
				MTL_ENABLE_DEBUG_INFO = INCLUDE_SOURCE;
				MTL_FAST_MATH = YES;
				ONLY_ACTIVE_ARCH = YES;
				SDKROOT = iphoneos;
				SWIFT_ACTIVE_COMPILATION_CONDITIONS = "DEBUG $(inherited)";
				SWIFT_OPTIMIZATION_LEVEL = "-Onone";
			};
			name = Debug;
		};
		25F0EFD32CDEAB8600E1DDAE /* Release */ = {
			isa = XCBuildConfiguration;
			buildSettings = {
				ALWAYS_SEARCH_USER_PATHS = NO;
				ASSETCATALOG_COMPILER_GENERATE_SWIFT_ASSET_SYMBOL_EXTENSIONS = YES;
				CLANG_ANALYZER_NONNULL = YES;
				CLANG_ANALYZER_NUMBER_OBJECT_CONVERSION = YES_AGGRESSIVE;
				CLANG_CXX_LANGUAGE_STANDARD = "gnu++20";
				CLANG_ENABLE_MODULES = YES;
				CLANG_ENABLE_OBJC_ARC = YES;
				CLANG_ENABLE_OBJC_WEAK = YES;
				CLANG_WARN_BLOCK_CAPTURE_AUTORELEASING = YES;
				CLANG_WARN_BOOL_CONVERSION = YES;
				CLANG_WARN_COMMA = YES;
				CLANG_WARN_CONSTANT_CONVERSION = YES;
				CLANG_WARN_DEPRECATED_OBJC_IMPLEMENTATIONS = YES;
				CLANG_WARN_DIRECT_OBJC_ISA_USAGE = YES_ERROR;
				CLANG_WARN_DOCUMENTATION_COMMENTS = YES;
				CLANG_WARN_EMPTY_BODY = YES;
				CLANG_WARN_ENUM_CONVERSION = YES;
				CLANG_WARN_INFINITE_RECURSION = YES;
				CLANG_WARN_INT_CONVERSION = YES;
				CLANG_WARN_NON_LITERAL_NULL_CONVERSION = YES;
				CLANG_WARN_OBJC_IMPLICIT_RETAIN_SELF = YES;
				CLANG_WARN_OBJC_LITERAL_CONVERSION = YES;
				CLANG_WARN_OBJC_ROOT_CLASS = YES_ERROR;
				CLANG_WARN_QUOTED_INCLUDE_IN_FRAMEWORK_HEADER = YES;
				CLANG_WARN_RANGE_LOOP_ANALYSIS = YES;
				CLANG_WARN_STRICT_PROTOTYPES = YES;
				CLANG_WARN_SUSPICIOUS_MOVE = YES;
				CLANG_WARN_UNGUARDED_AVAILABILITY = YES_AGGRESSIVE;
				CLANG_WARN_UNREACHABLE_CODE = YES;
				CLANG_WARN__DUPLICATE_METHOD_MATCH = YES;
				COPY_PHASE_STRIP = NO;
				DEBUG_INFORMATION_FORMAT = "dwarf-with-dsym";
				ENABLE_NS_ASSERTIONS = NO;
				ENABLE_STRICT_OBJC_MSGSEND = YES;
				ENABLE_USER_SCRIPT_SANDBOXING = YES;
				GCC_C_LANGUAGE_STANDARD = gnu17;
				GCC_NO_COMMON_BLOCKS = YES;
				GCC_WARN_64_TO_32_BIT_CONVERSION = YES;
				GCC_WARN_ABOUT_RETURN_TYPE = YES_ERROR;
				GCC_WARN_UNDECLARED_SELECTOR = YES;
				GCC_WARN_UNINITIALIZED_AUTOS = YES_AGGRESSIVE;
				GCC_WARN_UNUSED_FUNCTION = YES;
				GCC_WARN_UNUSED_VARIABLE = YES;
				IPHONEOS_DEPLOYMENT_TARGET = 18.1;
				LOCALIZATION_PREFERS_STRING_CATALOGS = YES;
				MTL_ENABLE_DEBUG_INFO = NO;
				MTL_FAST_MATH = YES;
				SDKROOT = iphoneos;
				SWIFT_COMPILATION_MODE = wholemodule;
				VALIDATE_PRODUCT = YES;
			};
			name = Release;
		};
		25F0EFD52CDEAB8600E1DDAE /* Debug */ = {
			isa = XCBuildConfiguration;
			buildSettings = {
				ASSETCATALOG_COMPILER_APPICON_NAME = AppIcon;
				ASSETCATALOG_COMPILER_GLOBAL_ACCENT_COLOR_NAME = AccentColor;
				CODE_SIGN_STYLE = Automatic;
				CURRENT_PROJECT_VERSION = 1;
				DEVELOPMENT_ASSET_PATHS = "\"FreshTables/Preview Content\"";
				DEVELOPMENT_TEAM = 6X849FTJ88;
				ENABLE_PREVIEWS = YES;
				GENERATE_INFOPLIST_FILE = YES;
				INFOPLIST_KEY_UIApplicationSceneManifest_Generation = YES;
				INFOPLIST_KEY_UIApplicationSupportsIndirectInputEvents = YES;
				INFOPLIST_KEY_UILaunchScreen_Generation = YES;
				INFOPLIST_KEY_UISupportedInterfaceOrientations_iPad = "UIInterfaceOrientationPortrait UIInterfaceOrientationPortraitUpsideDown UIInterfaceOrientationLandscapeLeft UIInterfaceOrientationLandscapeRight";
				INFOPLIST_KEY_UISupportedInterfaceOrientations_iPhone = "UIInterfaceOrientationPortrait UIInterfaceOrientationLandscapeLeft UIInterfaceOrientationLandscapeRight";
				LD_RUNPATH_SEARCH_PATHS = (
					"$(inherited)",
					"@executable_path/Frameworks",
				);
				MARKETING_VERSION = 1.0;
				PRODUCT_BUNDLE_IDENTIFIER = com.subpardreams.FreshTables;
				PRODUCT_NAME = "$(TARGET_NAME)";
				SWIFT_EMIT_LOC_STRINGS = YES;
				SWIFT_VERSION = 5.0;
				TARGETED_DEVICE_FAMILY = "1,2";
			};
			name = Debug;
		};
		25F0EFD62CDEAB8600E1DDAE /* Release */ = {
			isa = XCBuildConfiguration;
			buildSettings = {
				ASSETCATALOG_COMPILER_APPICON_NAME = AppIcon;
				ASSETCATALOG_COMPILER_GLOBAL_ACCENT_COLOR_NAME = AccentColor;
				CODE_SIGN_STYLE = Automatic;
				CURRENT_PROJECT_VERSION = 1;
				DEVELOPMENT_ASSET_PATHS = "\"FreshTables/Preview Content\"";
				DEVELOPMENT_TEAM = 6X849FTJ88;
				ENABLE_PREVIEWS = YES;
				GENERATE_INFOPLIST_FILE = YES;
				INFOPLIST_KEY_UIApplicationSceneManifest_Generation = YES;
				INFOPLIST_KEY_UIApplicationSupportsIndirectInputEvents = YES;
				INFOPLIST_KEY_UILaunchScreen_Generation = YES;
				INFOPLIST_KEY_UISupportedInterfaceOrientations_iPad = "UIInterfaceOrientationPortrait UIInterfaceOrientationPortraitUpsideDown UIInterfaceOrientationLandscapeLeft UIInterfaceOrientationLandscapeRight";
				INFOPLIST_KEY_UISupportedInterfaceOrientations_iPhone = "UIInterfaceOrientationPortrait UIInterfaceOrientationLandscapeLeft UIInterfaceOrientationLandscapeRight";
				LD_RUNPATH_SEARCH_PATHS = (
					"$(inherited)",
					"@executable_path/Frameworks",
				);
				MARKETING_VERSION = 1.0;
				PRODUCT_BUNDLE_IDENTIFIER = com.subpardreams.FreshTables;
				PRODUCT_NAME = "$(TARGET_NAME)";
				SWIFT_EMIT_LOC_STRINGS = YES;
				SWIFT_VERSION = 5.0;
				TARGETED_DEVICE_FAMILY = "1,2";
			};
			name = Release;
		};
		25F0EFD82CDEAB8600E1DDAE /* Debug */ = {
			isa = XCBuildConfiguration;
			buildSettings = {
				BUNDLE_LOADER = "$(TEST_HOST)";
				CODE_SIGN_STYLE = Automatic;
				CURRENT_PROJECT_VERSION = 1;
				DEVELOPMENT_TEAM = 6X849FTJ88;
				GENERATE_INFOPLIST_FILE = YES;
				IPHONEOS_DEPLOYMENT_TARGET = 18.1;
				MARKETING_VERSION = 1.0;
				PRODUCT_BUNDLE_IDENTIFIER = com.subpardreams.FreshTablesTests;
				PRODUCT_NAME = "$(TARGET_NAME)";
				SWIFT_EMIT_LOC_STRINGS = NO;
				SWIFT_VERSION = 5.0;
				TARGETED_DEVICE_FAMILY = "1,2";
				TEST_HOST = "$(BUILT_PRODUCTS_DIR)/FreshTables.app/$(BUNDLE_EXECUTABLE_FOLDER_PATH)/FreshTables";
			};
			name = Debug;
		};
		25F0EFD92CDEAB8600E1DDAE /* Release */ = {
			isa = XCBuildConfiguration;
			buildSettings = {
				BUNDLE_LOADER = "$(TEST_HOST)";
				CODE_SIGN_STYLE = Automatic;
				CURRENT_PROJECT_VERSION = 1;
				DEVELOPMENT_TEAM = 6X849FTJ88;
				GENERATE_INFOPLIST_FILE = YES;
				IPHONEOS_DEPLOYMENT_TARGET = 18.1;
				MARKETING_VERSION = 1.0;
				PRODUCT_BUNDLE_IDENTIFIER = com.subpardreams.FreshTablesTests;
				PRODUCT_NAME = "$(TARGET_NAME)";
				SWIFT_EMIT_LOC_STRINGS = NO;
				SWIFT_VERSION = 5.0;
				TARGETED_DEVICE_FAMILY = "1,2";
				TEST_HOST = "$(BUILT_PRODUCTS_DIR)/FreshTables.app/$(BUNDLE_EXECUTABLE_FOLDER_PATH)/FreshTables";
			};
			name = Release;
		};
		25F0EFDB2CDEAB8600E1DDAE /* Debug */ = {
			isa = XCBuildConfiguration;
			buildSettings = {
				CODE_SIGN_STYLE = Automatic;
				CURRENT_PROJECT_VERSION = 1;
				DEVELOPMENT_TEAM = 6X849FTJ88;
				GENERATE_INFOPLIST_FILE = YES;
				MARKETING_VERSION = 1.0;
				PRODUCT_BUNDLE_IDENTIFIER = com.subpardreams.FreshTablesUITests;
				PRODUCT_NAME = "$(TARGET_NAME)";
				SWIFT_EMIT_LOC_STRINGS = NO;
				SWIFT_VERSION = 5.0;
				TARGETED_DEVICE_FAMILY = "1,2";
				TEST_TARGET_NAME = FreshTables;
			};
			name = Debug;
		};
		25F0EFDC2CDEAB8600E1DDAE /* Release */ = {
			isa = XCBuildConfiguration;
			buildSettings = {
				CODE_SIGN_STYLE = Automatic;
				CURRENT_PROJECT_VERSION = 1;
				DEVELOPMENT_TEAM = 6X849FTJ88;
				GENERATE_INFOPLIST_FILE = YES;
				MARKETING_VERSION = 1.0;
				PRODUCT_BUNDLE_IDENTIFIER = com.subpardreams.FreshTablesUITests;
				PRODUCT_NAME = "$(TARGET_NAME)";
				SWIFT_EMIT_LOC_STRINGS = NO;
				SWIFT_VERSION = 5.0;
				TARGETED_DEVICE_FAMILY = "1,2";
				TEST_TARGET_NAME = FreshTables;
			};
			name = Release;
		};
/* End XCBuildConfiguration section */

/* Begin XCConfigurationList section */
		25F0EFAB2CDEAB8400E1DDAE /* Build configuration list for PBXProject "FreshTables" */ = {
			isa = XCConfigurationList;
			buildConfigurations = (
				25F0EFD22CDEAB8600E1DDAE /* Debug */,
				25F0EFD32CDEAB8600E1DDAE /* Release */,
			);
			defaultConfigurationIsVisible = 0;
			defaultConfigurationName = Release;
		};
		25F0EFD42CDEAB8600E1DDAE /* Build configuration list for PBXNativeTarget "FreshTables" */ = {
			isa = XCConfigurationList;
			buildConfigurations = (
				25F0EFD52CDEAB8600E1DDAE /* Debug */,
				25F0EFD62CDEAB8600E1DDAE /* Release */,
			);
			defaultConfigurationIsVisible = 0;
			defaultConfigurationName = Release;
		};
		25F0EFD72CDEAB8600E1DDAE /* Build configuration list for PBXNativeTarget "FreshTablesTests" */ = {
			isa = XCConfigurationList;
			buildConfigurations = (
				25F0EFD82CDEAB8600E1DDAE /* Debug */,
				25F0EFD92CDEAB8600E1DDAE /* Release */,
			);
			defaultConfigurationIsVisible = 0;
			defaultConfigurationName = Release;
		};
		25F0EFDA2CDEAB8600E1DDAE /* Build configuration list for PBXNativeTarget "FreshTablesUITests" */ = {
			isa = XCConfigurationList;
			buildConfigurations = (
				25F0EFDB2CDEAB8600E1DDAE /* Debug */,
				25F0EFDC2CDEAB8600E1DDAE /* Release */,
			);
			defaultConfigurationIsVisible = 0;
			defaultConfigurationName = Release;
		};
/* End XCConfigurationList section */
	};
	rootObject = 25F0EFA82CDEAB8400E1DDAE /* Project object */;
}
